<?xml version="1.0" encoding="utf-8"?>
<Project ToolsVersion="4.0" xmlns="http://schemas.microsoft.com/developer/msbuild/2003">
  <ItemGroup>
    <Filter Include="Source Files">
      <UniqueIdentifier>{128f465a-75a7-4141-a71f-e98782de1bf5}</UniqueIdentifier>
    </Filter>
    <Filter Include="Header Files">
      <UniqueIdentifier>{c7286d7e-c23c-4c08-8fbe-b5e65f779023}</UniqueIdentifier>
    </Filter>
    <Filter Include="Resource Files">
      <UniqueIdentifier>{33b1e12c-b5a4-4438-8525-ffa0038f72e5}</UniqueIdentifier>
    </Filter>
  </ItemGroup>
  <ItemGroup>
    <ClInclude Include="RESOURCE.H">
      <Filter>Header Files</Filter>
    </ClInclude>
    <ClInclude Include="VERSION.H">
      <Filter>Header Files</Filter>
    </ClInclude>
    <ClInclude Include="COM_RS_TTY.H">
      <Filter>Header Files</Filter>
    </ClInclude>
  </ItemGroup>
  <ItemGroup>
    <ResourceCompile Include="TTY.RC">
      <Filter>Resource Files</Filter>
    </ResourceCompile>
  </ItemGroup>
  <ItemGroup>
    <Image Include="TTY.BMP">
      <Filter>Resource Files</Filter>
    </Image>
    <Image Include="TTY.ICO">
      <Filter>Resource Files</Filter>
    </Image>
  </ItemGroup>
  <ItemGroup>
    <CustomBuild Include="TTY.DEF">
      <Filter>Source Files</Filter>
    </CustomBuild>
  </ItemGroup>
  <ItemGroup>
    <None Include="tty.bsc" />
  </ItemGroup>
  <ItemGroup>
    <ClCompile Include="COM_RS_TTY.C">
      <Filter>Source Files</Filter>
    </ClCompile>
  </ItemGroup>
</Project>